
Microsoft Visual Studio Solution File, Format Version 12.00
# Visual Studio 15
VisualStudioVersion = 15.0.26430.13
MinimumVisualStudioVersion = 10.0.40219.1
Project("{FAE04EC0-301F-11D3-BF4B-00C04F79EFBC}") = "Shop.Notification.Service", "Shop.Notification.Service\Shop.Notification.Service.csproj", "{AF5F9DCA-9725-4C94-BC7A-32D28BDFB659}"
EndProject
Project("{FAE04EC0-301F-11D3-BF4B-00C04F79EFBC}") = "Shop.Finance.Service", "Shop.Finance.Service\Shop.Finance.Service.csproj", "{FD2AEFA1-8A9B-42BD-8BEB-7A3BC37B937D}"
EndProject
Project("{FAE04EC0-301F-11D3-BF4B-00C04F79EFBC}") = "Shop.Registration", "Shop.Registration\Shop.Registration.csproj", "{BFA11FC5-9251-4325-800D-3DAD36DC1F70}"
EndProject
Project("{FAE04EC0-301F-11D3-BF4B-00C04F79EFBC}") = "Shop.Messaging", "Shop.Messaging\Shop.Messaging.csproj", "{78F99C91-1A91-4351-8EB6-53D7620BE41E}"
EndProject
Project("{FAE04EC0-301F-11D3-BF4B-00C04F79EFBC}") = "Shop.Registration.Service", "Shop.Registration.Service\Shop.Registration.Service.csproj", "{F2AD569B-B94D-421A-821D-C93BB98172B4}"
EndProject
Global
	GlobalSection(SolutionConfigurationPlatforms) = preSolution
		Debug|Any CPU = Debug|Any CPU
		Release|Any CPU = Release|Any CPU
	EndGlobalSection
	GlobalSection(ProjectConfigurationPlatforms) = postSolution
		{AF5F9DCA-9725-4C94-BC7A-32D28BDFB659}.Debug|Any CPU.ActiveCfg = Debug|Any CPU
		{AF5F9DCA-9725-4C94-BC7A-32D28BDFB659}.Debug|Any CPU.Build.0 = Debug|Any CPU
		{AF5F9DCA-9725-4C94-BC7A-32D28BDFB659}.Release|Any CPU.ActiveCfg = Release|Any CPU
		{AF5F9DCA-9725-4C94-BC7A-32D28BDFB659}.Release|Any CPU.Build.0 = Release|Any CPU
		{FD2AEFA1-8A9B-42BD-8BEB-7A3BC37B937D}.Debug|Any CPU.ActiveCfg = Debug|Any CPU
		{FD2AEFA1-8A9B-42BD-8BEB-7A3BC37B937D}.Debug|Any CPU.Build.0 = Debug|Any CPU
		{FD2AEFA1-8A9B-42BD-8BEB-7A3BC37B937D}.Release|Any CPU.ActiveCfg = Release|Any CPU
		{FD2AEFA1-8A9B-42BD-8BEB-7A3BC37B937D}.Release|Any CPU.Build.0 = Release|Any CPU
		{BFA11FC5-9251-4325-800D-3DAD36DC1F70}.Debug|Any CPU.ActiveCfg = Debug|Any CPU
		{BFA11FC5-9251-4325-800D-3DAD36DC1F70}.Debug|Any CPU.Build.0 = Debug|Any CPU
		{BFA11FC5-9251-4325-800D-3DAD36DC1F70}.Release|Any CPU.ActiveCfg = Release|Any CPU
		{BFA11FC5-9251-4325-800D-3DAD36DC1F70}.Release|Any CPU.Build.0 = Release|Any CPU
		{78F99C91-1A91-4351-8EB6-53D7620BE41E}.Debug|Any CPU.ActiveCfg = Debug|Any CPU
		{78F99C91-1A91-4351-8EB6-53D7620BE41E}.Debug|Any CPU.Build.0 = Debug|Any CPU
		{78F99C91-1A91-4351-8EB6-53D7620BE41E}.Release|Any CPU.ActiveCfg = Release|Any CPU
		{78F99C91-1A91-4351-8EB6-53D7620BE41E}.Release|Any CPU.Build.0 = Release|Any CPU
		{F2AD569B-B94D-421A-821D-C93BB98172B4}.Debug|Any CPU.ActiveCfg = Debug|Any CPU
		{F2AD569B-B94D-421A-821D-C93BB98172B4}.Debug|Any CPU.Build.0 = Debug|Any CPU
		{F2AD569B-B94D-421A-821D-C93BB98172B4}.Release|Any CPU.ActiveCfg = Release|Any CPU
		{F2AD569B-B94D-421A-821D-C93BB98172B4}.Release|Any CPU.Build.0 = Release|Any CPU
	EndGlobalSection
	GlobalSection(SolutionProperties) = preSolution
		HideSolutionNode = FALSE
	EndGlobalSection
EndGlobal
